PODS:
  - DateInRegion (0.5.1)
  - Nimble (3.0.0)
  - Quick (0.8.0)

DEPENDENCIES:
  - DateInRegion (from `../`)
  - Nimble
  - Quick

EXTERNAL SOURCES:
  DateInRegion:
    :path: "../"

SPEC CHECKSUMS:
  DateInRegion: e43e99ee28f2ae14b243185ff78bd403ceadc4d3
  Nimble: 4c353d43735b38b545cbb4cb91504588eb5de926
  Quick: 563d0f6ec5f72e394645adb377708639b7dd38ab

COCOAPODS: 0.39.0
